
Microsoft Visual Studio Solution File, Format Version 12.00
# Visual Studio Version 17
VisualStudioVersion = 17.0.31903.59
MinimumVisualStudioVersion = 10.0.40219.1
Project("{FAE04EC0-301F-11D3-BF4B-00C04F79EFBC}") = "ManualCanDebug.Core", "ManualCanDebug.Core\ManualCanDebug.Core.csproj", "{DBA7B77D-7C57-4C80-9DE7-7A4E8F1E7201}"
EndProject
Project("{FAE04EC0-301F-11D3-BF4B-00C04F79EFBC}") = "ManualCanDebug", "ManualCanDebug\ManualCanDebug.csproj", "{B6E6C9C4-8DFE-4A04-BB4F-F1A8D4E26F41}"
EndProject
Project("{FAE04EC0-301F-11D3-BF4B-00C04F79EFBC}") = "ManualCanDebug.Tests", "ManualCanDebug.Tests\ManualCanDebug.Tests.csproj", "{E1B5B3E1-5C9B-4F1A-9DF4-2D9AFD4F1A01}"
EndProject
Project("{FAE04EC0-301F-11D3-BF4B-00C04F79EFBC}") = "CSP.TestDLL.Extension", "..\CSP.TestDLL.Extension\CSP.TestDLL.Extension.csproj", "{0C39CD58-6661-4AA2-B818-C6D5292ABCE3}"
EndProject
Global
	GlobalSection(SolutionConfigurationPlatforms) = preSolution
		Debug|x86 = Debug|x86
		Debug|Any CPU = Debug|Any CPU
		Debug|x64 = Debug|x64
		Release|x86 = Release|x86
		Release|Any CPU = Release|Any CPU
		Release|x64 = Release|x64
	EndGlobalSection
	GlobalSection(ProjectConfigurationPlatforms) = postSolution
		{DBA7B77D-7C57-4C80-9DE7-7A4E8F1E7201}.Debug|x86.ActiveCfg = Debug|x86
		{DBA7B77D-7C57-4C80-9DE7-7A4E8F1E7201}.Debug|x86.Build.0 = Debug|x86
		{DBA7B77D-7C57-4C80-9DE7-7A4E8F1E7201}.Debug|Any CPU.ActiveCfg = Debug|Any CPU
		{DBA7B77D-7C57-4C80-9DE7-7A4E8F1E7201}.Debug|Any CPU.Build.0 = Debug|Any CPU
		{DBA7B77D-7C57-4C80-9DE7-7A4E8F1E7201}.Debug|x64.ActiveCfg = Debug|Any CPU
		{DBA7B77D-7C57-4C80-9DE7-7A4E8F1E7201}.Debug|x64.Build.0 = Debug|Any CPU
		{DBA7B77D-7C57-4C80-9DE7-7A4E8F1E7201}.Release|x86.ActiveCfg = Release|x86
		{DBA7B77D-7C57-4C80-9DE7-7A4E8F1E7201}.Release|x86.Build.0 = Release|x86
		{DBA7B77D-7C57-4C80-9DE7-7A4E8F1E7201}.Release|Any CPU.ActiveCfg = Release|Any CPU
		{DBA7B77D-7C57-4C80-9DE7-7A4E8F1E7201}.Release|Any CPU.Build.0 = Release|Any CPU
		{DBA7B77D-7C57-4C80-9DE7-7A4E8F1E7201}.Release|x64.ActiveCfg = Release|Any CPU
		{DBA7B77D-7C57-4C80-9DE7-7A4E8F1E7201}.Release|x64.Build.0 = Release|Any CPU
		{B6E6C9C4-8DFE-4A04-BB4F-F1A8D4E26F41}.Debug|x86.ActiveCfg = Debug|x86
		{B6E6C9C4-8DFE-4A04-BB4F-F1A8D4E26F41}.Debug|x86.Build.0 = Debug|x86
		{B6E6C9C4-8DFE-4A04-BB4F-F1A8D4E26F41}.Debug|Any CPU.ActiveCfg = Debug|Any CPU
		{B6E6C9C4-8DFE-4A04-BB4F-F1A8D4E26F41}.Debug|Any CPU.Build.0 = Debug|Any CPU
		{B6E6C9C4-8DFE-4A04-BB4F-F1A8D4E26F41}.Debug|x64.ActiveCfg = Debug|Any CPU
		{B6E6C9C4-8DFE-4A04-BB4F-F1A8D4E26F41}.Debug|x64.Build.0 = Debug|Any CPU
		{B6E6C9C4-8DFE-4A04-BB4F-F1A8D4E26F41}.Release|x86.ActiveCfg = Release|x86
		{B6E6C9C4-8DFE-4A04-BB4F-F1A8D4E26F41}.Release|x86.Build.0 = Release|x86
		{B6E6C9C4-8DFE-4A04-BB4F-F1A8D4E26F41}.Release|Any CPU.ActiveCfg = Release|Any CPU
		{B6E6C9C4-8DFE-4A04-BB4F-F1A8D4E26F41}.Release|Any CPU.Build.0 = Release|Any CPU
		{B6E6C9C4-8DFE-4A04-BB4F-F1A8D4E26F41}.Release|x64.ActiveCfg = Release|Any CPU
		{B6E6C9C4-8DFE-4A04-BB4F-F1A8D4E26F41}.Release|x64.Build.0 = Release|Any CPU
		{E1B5B3E1-5C9B-4F1A-9DF4-2D9AFD4F1A01}.Debug|x86.ActiveCfg = Debug|x86
		{E1B5B3E1-5C9B-4F1A-9DF4-2D9AFD4F1A01}.Debug|x86.Build.0 = Debug|x86
		{E1B5B3E1-5C9B-4F1A-9DF4-2D9AFD4F1A01}.Debug|Any CPU.ActiveCfg = Debug|Any CPU
		{E1B5B3E1-5C9B-4F1A-9DF4-2D9AFD4F1A01}.Debug|Any CPU.Build.0 = Debug|Any CPU
		{E1B5B3E1-5C9B-4F1A-9DF4-2D9AFD4F1A01}.Debug|x64.ActiveCfg = Debug|Any CPU
		{E1B5B3E1-5C9B-4F1A-9DF4-2D9AFD4F1A01}.Debug|x64.Build.0 = Debug|Any CPU
		{E1B5B3E1-5C9B-4F1A-9DF4-2D9AFD4F1A01}.Release|x86.ActiveCfg = Release|x86
		{E1B5B3E1-5C9B-4F1A-9DF4-2D9AFD4F1A01}.Release|x86.Build.0 = Release|x86
		{E1B5B3E1-5C9B-4F1A-9DF4-2D9AFD4F1A01}.Release|Any CPU.ActiveCfg = Release|Any CPU
		{E1B5B3E1-5C9B-4F1A-9DF4-2D9AFD4F1A01}.Release|Any CPU.Build.0 = Release|Any CPU
		{E1B5B3E1-5C9B-4F1A-9DF4-2D9AFD4F1A01}.Release|x64.ActiveCfg = Release|Any CPU
		{E1B5B3E1-5C9B-4F1A-9DF4-2D9AFD4F1A01}.Release|x64.Build.0 = Release|Any CPU
		{0C39CD58-6661-4AA2-B818-C6D5292ABCE3}.Debug|x86.ActiveCfg = Debug|x86
		{0C39CD58-6661-4AA2-B818-C6D5292ABCE3}.Debug|x86.Build.0 = Debug|x86
		{0C39CD58-6661-4AA2-B818-C6D5292ABCE3}.Debug|Any CPU.ActiveCfg = Debug|x86
		{0C39CD58-6661-4AA2-B818-C6D5292ABCE3}.Debug|Any CPU.Build.0 = Debug|x86
		{0C39CD58-6661-4AA2-B818-C6D5292ABCE3}.Debug|x64.ActiveCfg = Debug|x86
		{0C39CD58-6661-4AA2-B818-C6D5292ABCE3}.Debug|x64.Build.0 = Debug|x86
		{0C39CD58-6661-4AA2-B818-C6D5292ABCE3}.Release|x86.ActiveCfg = Release|x86
		{0C39CD58-6661-4AA2-B818-C6D5292ABCE3}.Release|x86.Build.0 = Release|x86
		{0C39CD58-6661-4AA2-B818-C6D5292ABCE3}.Release|Any CPU.ActiveCfg = Release|x86
		{0C39CD58-6661-4AA2-B818-C6D5292ABCE3}.Release|Any CPU.Build.0 = Release|x86
		{0C39CD58-6661-4AA2-B818-C6D5292ABCE3}.Release|x64.ActiveCfg = Release|x86
		{0C39CD58-6661-4AA2-B818-C6D5292ABCE3}.Release|x64.Build.0 = Release|x86
	EndGlobalSection
	GlobalSection(SolutionProperties) = preSolution
		HideSolutionNode = FALSE
	EndGlobalSection
EndGlobal
